// !$*UTF8*$!
{
	archiveVersion = 1;
	classes = {
	};
	objectVersion = 55;
	objects = {

/* Begin PBXBuildFile section */
		16DCE4BE2881C93D00D9E9F5 /* SpaceXApp.swift in Sources */ = {isa = PBXBuildFile; fileRef = 16DCE4BD2881C93D00D9E9F5 /* SpaceXApp.swift */; };
		16DCE4C22881C93E00D9E9F5 /* Assets.xcassets in Resources */ = {isa = PBXBuildFile; fileRef = 16DCE4C12881C93E00D9E9F5 /* Assets.xcassets */; };
		16DCE4C52881C93E00D9E9F5 /* Preview Assets.xcassets in Resources */ = {isa = PBXBuildFile; fileRef = 16DCE4C42881C93E00D9E9F5 /* Preview Assets.xcassets */; };
		16DCE4CF2881C93E00D9E9F5 /* SpaceXTests.swift in Sources */ = {isa = PBXBuildFile; fileRef = 16DCE4CE2881C93E00D9E9F5 /* SpaceXTests.swift */; };
		16DCE4D92881C93E00D9E9F5 /* SpaceXUITests.swift in Sources */ = {isa = PBXBuildFile; fileRef = 16DCE4D82881C93E00D9E9F5 /* SpaceXUITests.swift */; };
		16DCE4DB2881C93E00D9E9F5 /* SpaceXUITestsLaunchTests.swift in Sources */ = {isa = PBXBuildFile; fileRef = 16DCE4DA2881C93E00D9E9F5 /* SpaceXUITestsLaunchTests.swift */; };
		16DCE4FA2881CC5C00D9E9F5 /* Rocket.swift in Sources */ = {isa = PBXBuildFile; fileRef = 16DCE4F92881CC5C00D9E9F5 /* Rocket.swift */; };
		16DCE4FE2881CCA100D9E9F5 /* RocketsListView.swift in Sources */ = {isa = PBXBuildFile; fileRef = 16DCE4FD2881CCA100D9E9F5 /* RocketsListView.swift */; };
		16DCE5012881CCC500D9E9F5 /* RocketsListViewModel.swift in Sources */ = {isa = PBXBuildFile; fileRef = 16DCE5002881CCC500D9E9F5 /* RocketsListViewModel.swift */; };
		16DCE5032881CE3500D9E9F5 /* Rocket+instances.swift in Sources */ = {isa = PBXBuildFile; fileRef = 16DCE5022881CE3500D9E9F5 /* Rocket+instances.swift */; };
		16DCE5062881D0BE00D9E9F5 /* Date+.swift in Sources */ = {isa = PBXBuildFile; fileRef = 16DCE5052881D0BE00D9E9F5 /* Date+.swift */; };
		16DCE5092881E76900D9E9F5 /* Icons.swift in Sources */ = {isa = PBXBuildFile; fileRef = 16DCE5082881E76900D9E9F5 /* Icons.swift */; };
		16DCE50B2881E8D800D9E9F5 /* RocketCell.swift in Sources */ = {isa = PBXBuildFile; fileRef = 16DCE50A2881E8D800D9E9F5 /* RocketCell.swift */; };
		16DCE5102881EA9400D9E9F5 /* Localizable.strings in Resources */ = {isa = PBXBuildFile; fileRef = 16DCE5122881EA9400D9E9F5 /* Localizable.strings */; };
		16DCE5142881EAFE00D9E9F5 /* LocalizedStringKey+keys.swift in Sources */ = {isa = PBXBuildFile; fileRef = 16DCE5132881EAFE00D9E9F5 /* LocalizedStringKey+keys.swift */; };
		16F3401E288310CD001E5168 /* Loadable.swift in Sources */ = {isa = PBXBuildFile; fileRef = 16F3401D288310CD001E5168 /* Loadable.swift */; };
		16F34021288315A5001E5168 /* RocketDetailView.swift in Sources */ = {isa = PBXBuildFile; fileRef = 16F34020288315A5001E5168 /* RocketDetailView.swift */; };
		16F34023288315B0001E5168 /* RocketDetailViewModel.swift in Sources */ = {isa = PBXBuildFile; fileRef = 16F34022288315B0001E5168 /* RocketDetailViewModel.swift */; };
/* End PBXBuildFile section */

/* Begin PBXContainerItemProxy section */
		16DCE4CB2881C93E00D9E9F5 /* PBXContainerItemProxy */ = {
			isa = PBXContainerItemProxy;
			containerPortal = 16DCE4B22881C93D00D9E9F5 /* Project object */;
			proxyType = 1;
			remoteGlobalIDString = 16DCE4B92881C93D00D9E9F5;
			remoteInfo = SpaceX;
		};
		16DCE4D52881C93E00D9E9F5 /* PBXContainerItemProxy */ = {
			isa = PBXContainerItemProxy;
			containerPortal = 16DCE4B22881C93D00D9E9F5 /* Project object */;
			proxyType = 1;
			remoteGlobalIDString = 16DCE4B92881C93D00D9E9F5;
			remoteInfo = SpaceX;
		};
/* End PBXContainerItemProxy section */

/* Begin PBXFileReference section */
		16DCE4BA2881C93D00D9E9F5 /* SpaceX.app */ = {isa = PBXFileReference; explicitFileType = wrapper.application; includeInIndex = 0; path = SpaceX.app; sourceTree = BUILT_PRODUCTS_DIR; };
		16DCE4BD2881C93D00D9E9F5 /* SpaceXApp.swift */ = {isa = PBXFileReference; lastKnownFileType = sourcecode.swift; path = SpaceXApp.swift; sourceTree = "<group>"; };
		16DCE4C12881C93E00D9E9F5 /* Assets.xcassets */ = {isa = PBXFileReference; lastKnownFileType = folder.assetcatalog; path = Assets.xcassets; sourceTree = "<group>"; };
		16DCE4C42881C93E00D9E9F5 /* Preview Assets.xcassets */ = {isa = PBXFileReference; lastKnownFileType = folder.assetcatalog; path = "Preview Assets.xcassets"; sourceTree = "<group>"; };
		16DCE4CA2881C93E00D9E9F5 /* SpaceXTests.xctest */ = {isa = PBXFileReference; explicitFileType = wrapper.cfbundle; includeInIndex = 0; path = SpaceXTests.xctest; sourceTree = BUILT_PRODUCTS_DIR; };
		16DCE4CE2881C93E00D9E9F5 /* SpaceXTests.swift */ = {isa = PBXFileReference; lastKnownFileType = sourcecode.swift; path = SpaceXTests.swift; sourceTree = "<group>"; };
		16DCE4D42881C93E00D9E9F5 /* SpaceXUITests.xctest */ = {isa = PBXFileReference; explicitFileType = wrapper.cfbundle; includeInIndex = 0; path = SpaceXUITests.xctest; sourceTree = BUILT_PRODUCTS_DIR; };
		16DCE4D82881C93E00D9E9F5 /* SpaceXUITests.swift */ = {isa = PBXFileReference; lastKnownFileType = sourcecode.swift; path = SpaceXUITests.swift; sourceTree = "<group>"; };
		16DCE4DA2881C93E00D9E9F5 /* SpaceXUITestsLaunchTests.swift */ = {isa = PBXFileReference; lastKnownFileType = sourcecode.swift; path = SpaceXUITestsLaunchTests.swift; sourceTree = "<group>"; };
		16DCE4F92881CC5C00D9E9F5 /* Rocket.swift */ = {isa = PBXFileReference; lastKnownFileType = sourcecode.swift; path = Rocket.swift; sourceTree = "<group>"; };
		16DCE4FD2881CCA100D9E9F5 /* RocketsListView.swift */ = {isa = PBXFileReference; lastKnownFileType = sourcecode.swift; path = RocketsListView.swift; sourceTree = "<group>"; };
		16DCE5002881CCC500D9E9F5 /* RocketsListViewModel.swift */ = {isa = PBXFileReference; lastKnownFileType = sourcecode.swift; path = RocketsListViewModel.swift; sourceTree = "<group>"; };
		16DCE5022881CE3500D9E9F5 /* Rocket+instances.swift */ = {isa = PBXFileReference; lastKnownFileType = sourcecode.swift; path = "Rocket+instances.swift"; sourceTree = "<group>"; };
		16DCE5052881D0BE00D9E9F5 /* Date+.swift */ = {isa = PBXFileReference; lastKnownFileType = sourcecode.swift; path = "Date+.swift"; sourceTree = "<group>"; };
		16DCE5082881E76900D9E9F5 /* Icons.swift */ = {isa = PBXFileReference; lastKnownFileType = sourcecode.swift; path = Icons.swift; sourceTree = "<group>"; };
		16DCE50A2881E8D800D9E9F5 /* RocketCell.swift */ = {isa = PBXFileReference; lastKnownFileType = sourcecode.swift; path = RocketCell.swift; sourceTree = "<group>"; };
		16DCE5112881EA9400D9E9F5 /* en */ = {isa = PBXFileReference; lastKnownFileType = text.plist.strings; name = en; path = en.lproj/Localizable.strings; sourceTree = "<group>"; };
		16DCE5132881EAFE00D9E9F5 /* LocalizedStringKey+keys.swift */ = {isa = PBXFileReference; lastKnownFileType = sourcecode.swift; path = "LocalizedStringKey+keys.swift"; sourceTree = "<group>"; };
		16DCE5152881EBFC00D9E9F5 /* cs */ = {isa = PBXFileReference; lastKnownFileType = text.plist.strings; name = cs; path = cs.lproj/Localizable.strings; sourceTree = "<group>"; };
		16F3401D288310CD001E5168 /* Loadable.swift */ = {isa = PBXFileReference; lastKnownFileType = sourcecode.swift; path = Loadable.swift; sourceTree = "<group>"; };
		16F34020288315A5001E5168 /* RocketDetailView.swift */ = {isa = PBXFileReference; lastKnownFileType = sourcecode.swift; path = RocketDetailView.swift; sourceTree = "<group>"; };
		16F34022288315B0001E5168 /* RocketDetailViewModel.swift */ = {isa = PBXFileReference; lastKnownFileType = sourcecode.swift; path = RocketDetailViewModel.swift; sourceTree = "<group>"; };
/* End PBXFileReference section */

/* Begin PBXFrameworksBuildPhase section */
		16DCE4B72881C93D00D9E9F5 /* Frameworks */ = {
			isa = PBXFrameworksBuildPhase;
			buildActionMask = 2147483647;
			files = (
			);
			runOnlyForDeploymentPostprocessing = 0;
		};
		16DCE4C72881C93E00D9E9F5 /* Frameworks */ = {
			isa = PBXFrameworksBuildPhase;
			buildActionMask = 2147483647;
			files = (
			);
			runOnlyForDeploymentPostprocessing = 0;
		};
		16DCE4D12881C93E00D9E9F5 /* Frameworks */ = {
			isa = PBXFrameworksBuildPhase;
			buildActionMask = 2147483647;
			files = (
			);
			runOnlyForDeploymentPostprocessing = 0;
		};
/* End PBXFrameworksBuildPhase section */

/* Begin PBXGroup section */
		16DCE4B12881C93D00D9E9F5 = {
			isa = PBXGroup;
			children = (
				16DCE4BC2881C93D00D9E9F5 /* SpaceX */,
				16DCE4CD2881C93E00D9E9F5 /* SpaceXTests */,
				16DCE4D72881C93E00D9E9F5 /* SpaceXUITests */,
				16DCE4BB2881C93D00D9E9F5 /* Products */,
			);
			sourceTree = "<group>";
		};
		16DCE4BB2881C93D00D9E9F5 /* Products */ = {
			isa = PBXGroup;
			children = (
				16DCE4BA2881C93D00D9E9F5 /* SpaceX.app */,
				16DCE4CA2881C93E00D9E9F5 /* SpaceXTests.xctest */,
				16DCE4D42881C93E00D9E9F5 /* SpaceXUITests.xctest */,
			);
			name = Products;
			sourceTree = "<group>";
		};
		16DCE4BC2881C93D00D9E9F5 /* SpaceX */ = {
			isa = PBXGroup;
			children = (
				16DCE4EE2881CA4200D9E9F5 /* App */,
				16DCE4EA2881C9F500D9E9F5 /* Components */,
				16DCE5042881D0A700D9E9F5 /* Extensions */,
				16DCE4EB2881CA1400D9E9F5 /* Managers */,
				16DCE4F32881CB1200D9E9F5 /* Mock */,
				16DCE4E92881C9EF00D9E9F5 /* Models */,
				16DCE4E72881C9C000D9E9F5 /* Modules */,
				16DCE4E82881C9DF00D9E9F5 /* SupportingFiles */,
				16DCE5072881E75E00D9E9F5 /* Utils */,
			);
			path = SpaceX;
			sourceTree = "<group>";
		};
		16DCE4C32881C93E00D9E9F5 /* Preview Content */ = {
			isa = PBXGroup;
			children = (
				16DCE4C42881C93E00D9E9F5 /* Preview Assets.xcassets */,
			);
			path = "Preview Content";
			sourceTree = "<group>";
		};
		16DCE4CD2881C93E00D9E9F5 /* SpaceXTests */ = {
			isa = PBXGroup;
			children = (
				16DCE4CE2881C93E00D9E9F5 /* SpaceXTests.swift */,
			);
			path = SpaceXTests;
			sourceTree = "<group>";
		};
		16DCE4D72881C93E00D9E9F5 /* SpaceXUITests */ = {
			isa = PBXGroup;
			children = (
				16DCE4D82881C93E00D9E9F5 /* SpaceXUITests.swift */,
				16DCE4DA2881C93E00D9E9F5 /* SpaceXUITestsLaunchTests.swift */,
			);
			path = SpaceXUITests;
			sourceTree = "<group>";
		};
		16DCE4E72881C9C000D9E9F5 /* Modules */ = {
			isa = PBXGroup;
			children = (
				16DCE4ED2881CA3A00D9E9F5 /* Launch */,
				16DCE4EC2881CA2700D9E9F5 /* Rockets */,
			);
			path = Modules;
			sourceTree = "<group>";
		};
		16DCE4E82881C9DF00D9E9F5 /* SupportingFiles */ = {
			isa = PBXGroup;
			children = (
				16DCE4C12881C93E00D9E9F5 /* Assets.xcassets */,
				16DCE5122881EA9400D9E9F5 /* Localizable.strings */,
				16DCE4C32881C93E00D9E9F5 /* Preview Content */,
			);
			path = SupportingFiles;
			sourceTree = "<group>";
		};
		16DCE4E92881C9EF00D9E9F5 /* Models */ = {
			isa = PBXGroup;
			children = (
				16DCE4F82881CC5200D9E9F5 /* API */,
				16DCE4F72881CC4C00D9E9F5 /* Domain */,
			);
			path = Models;
			sourceTree = "<group>";
		};
		16DCE4EA2881C9F500D9E9F5 /* Components */ = {
			isa = PBXGroup;
			children = (
			);
			path = Components;
			sourceTree = "<group>";
		};
		16DCE4EB2881CA1400D9E9F5 /* Managers */ = {
			isa = PBXGroup;
			children = (
			);
			path = Managers;
			sourceTree = "<group>";
		};
		16DCE4EC2881CA2700D9E9F5 /* Rockets */ = {
			isa = PBXGroup;
			children = (
				16F3401F28831595001E5168 /* RocketDetailView */,
				16DCE4FF2881CCB600D9E9F5 /* RocketsListView */,
			);
			path = Rockets;
			sourceTree = "<group>";
		};
		16DCE4ED2881CA3A00D9E9F5 /* Launch */ = {
			isa = PBXGroup;
			children = (
			);
			path = Launch;
			sourceTree = "<group>";
		};
		16DCE4EE2881CA4200D9E9F5 /* App */ = {
			isa = PBXGroup;
			children = (
				16DCE4BD2881C93D00D9E9F5 /* SpaceXApp.swift */,
			);
			path = App;
			sourceTree = "<group>";
		};
		16DCE4F32881CB1200D9E9F5 /* Mock */ = {
			isa = PBXGroup;
			children = (
				16DCE5022881CE3500D9E9F5 /* Rocket+instances.swift */,
			);
			path = Mock;
			sourceTree = "<group>";
		};
		16DCE4F72881CC4C00D9E9F5 /* Domain */ = {
			isa = PBXGroup;
			children = (
				16DCE4F92881CC5C00D9E9F5 /* Rocket.swift */,
			);
			path = Domain;
			sourceTree = "<group>";
		};
		16DCE4F82881CC5200D9E9F5 /* API */ = {
			isa = PBXGroup;
			children = (
			);
			path = API;
			sourceTree = "<group>";
		};
		16DCE4FF2881CCB600D9E9F5 /* RocketsListView */ = {
			isa = PBXGroup;
			children = (
				16DCE4FD2881CCA100D9E9F5 /* RocketsListView.swift */,
				16DCE5002881CCC500D9E9F5 /* RocketsListViewModel.swift */,
				16DCE50A2881E8D800D9E9F5 /* RocketCell.swift */,
			);
			path = RocketsListView;
			sourceTree = "<group>";
		};
		16DCE5042881D0A700D9E9F5 /* Extensions */ = {
			isa = PBXGroup;
			children = (
				16DCE5052881D0BE00D9E9F5 /* Date+.swift */,
			);
			path = Extensions;
			sourceTree = "<group>";
		};
		16DCE5072881E75E00D9E9F5 /* Utils */ = {
			isa = PBXGroup;
			children = (
				16DCE5082881E76900D9E9F5 /* Icons.swift */,
				16DCE5132881EAFE00D9E9F5 /* LocalizedStringKey+keys.swift */,
				16F3401D288310CD001E5168 /* Loadable.swift */,
			);
			path = Utils;
			sourceTree = "<group>";
		};
		16F3401F28831595001E5168 /* RocketDetailView */ = {
			isa = PBXGroup;
			children = (
				16F34020288315A5001E5168 /* RocketDetailView.swift */,
				16F34022288315B0001E5168 /* RocketDetailViewModel.swift */,
			);
			path = RocketDetailView;
			sourceTree = "<group>";
		};
/* End PBXGroup section */

/* Begin PBXNativeTarget section */
		16DCE4B92881C93D00D9E9F5 /* SpaceX */ = {
			isa = PBXNativeTarget;
			buildConfigurationList = 16DCE4DE2881C93E00D9E9F5 /* Build configuration list for PBXNativeTarget "SpaceX" */;
			buildPhases = (
				16DCE4B62881C93D00D9E9F5 /* Sources */,
				16DCE4B72881C93D00D9E9F5 /* Frameworks */,
				16DCE4B82881C93D00D9E9F5 /* Resources */,
			);
			buildRules = (
			);
			dependencies = (
			);
			name = SpaceX;
			productName = SpaceX;
			productReference = 16DCE4BA2881C93D00D9E9F5 /* SpaceX.app */;
			productType = "com.apple.product-type.application";
		};
		16DCE4C92881C93E00D9E9F5 /* SpaceXTests */ = {
			isa = PBXNativeTarget;
			buildConfigurationList = 16DCE4E12881C93E00D9E9F5 /* Build configuration list for PBXNativeTarget "SpaceXTests" */;
			buildPhases = (
				16DCE4C62881C93E00D9E9F5 /* Sources */,
				16DCE4C72881C93E00D9E9F5 /* Frameworks */,
				16DCE4C82881C93E00D9E9F5 /* Resources */,
			);
			buildRules = (
			);
			dependencies = (
				16DCE4CC2881C93E00D9E9F5 /* PBXTargetDependency */,
			);
			name = SpaceXTests;
			productName = SpaceXTests;
			productReference = 16DCE4CA2881C93E00D9E9F5 /* SpaceXTests.xctest */;
			productType = "com.apple.product-type.bundle.unit-test";
		};
		16DCE4D32881C93E00D9E9F5 /* SpaceXUITests */ = {
			isa = PBXNativeTarget;
			buildConfigurationList = 16DCE4E42881C93E00D9E9F5 /* Build configuration list for PBXNativeTarget "SpaceXUITests" */;
			buildPhases = (
				16DCE4D02881C93E00D9E9F5 /* Sources */,
				16DCE4D12881C93E00D9E9F5 /* Frameworks */,
				16DCE4D22881C93E00D9E9F5 /* Resources */,
			);
			buildRules = (
			);
			dependencies = (
				16DCE4D62881C93E00D9E9F5 /* PBXTargetDependency */,
			);
			name = SpaceXUITests;
			productName = SpaceXUITests;
			productReference = 16DCE4D42881C93E00D9E9F5 /* SpaceXUITests.xctest */;
			productType = "com.apple.product-type.bundle.ui-testing";
		};
/* End PBXNativeTarget section */

/* Begin PBXProject section */
		16DCE4B22881C93D00D9E9F5 /* Project object */ = {
			isa = PBXProject;
			attributes = {
				BuildIndependentTargetsInParallel = 1;
				LastSwiftUpdateCheck = 1340;
				LastUpgradeCheck = 1340;
				TargetAttributes = {
					16DCE4B92881C93D00D9E9F5 = {
						CreatedOnToolsVersion = 13.4.1;
					};
					16DCE4C92881C93E00D9E9F5 = {
						CreatedOnToolsVersion = 13.4.1;
						TestTargetID = 16DCE4B92881C93D00D9E9F5;
					};
					16DCE4D32881C93E00D9E9F5 = {
						CreatedOnToolsVersion = 13.4.1;
						TestTargetID = 16DCE4B92881C93D00D9E9F5;
					};
				};
			};
			buildConfigurationList = 16DCE4B52881C93D00D9E9F5 /* Build configuration list for PBXProject "SpaceX" */;
			compatibilityVersion = "Xcode 13.0";
			developmentRegion = en;
			hasScannedForEncodings = 0;
			knownRegions = (
				en,
				Base,
				cs,
			);
			mainGroup = 16DCE4B12881C93D00D9E9F5;
			productRefGroup = 16DCE4BB2881C93D00D9E9F5 /* Products */;
			projectDirPath = "";
			projectRoot = "";
			targets = (
				16DCE4B92881C93D00D9E9F5 /* SpaceX */,
				16DCE4C92881C93E00D9E9F5 /* SpaceXTests */,
				16DCE4D32881C93E00D9E9F5 /* SpaceXUITests */,
			);
		};
/* End PBXProject section */

/* Begin PBXResourcesBuildPhase section */
		16DCE4B82881C93D00D9E9F5 /* Resources */ = {
			isa = PBXResourcesBuildPhase;
			buildActionMask = 2147483647;
			files = (
				16DCE4C52881C93E00D9E9F5 /* Preview Assets.xcassets in Resources */,
				16DCE5102881EA9400D9E9F5 /* Localizable.strings in Resources */,
				16DCE4C22881C93E00D9E9F5 /* Assets.xcassets in Resources */,
			);
			runOnlyForDeploymentPostprocessing = 0;
		};
		16DCE4C82881C93E00D9E9F5 /* Resources */ = {
			isa = PBXResourcesBuildPhase;
			buildActionMask = 2147483647;
			files = (
			);
			runOnlyForDeploymentPostprocessing = 0;
		};
		16DCE4D22881C93E00D9E9F5 /* Resources */ = {
			isa = PBXResourcesBuildPhase;
			buildActionMask = 2147483647;
			files = (
			);
			runOnlyForDeploymentPostprocessing = 0;
		};
/* End PBXResourcesBuildPhase section */

/* Begin PBXSourcesBuildPhase section */
		16DCE4B62881C93D00D9E9F5 /* Sources */ = {
			isa = PBXSourcesBuildPhase;
			buildActionMask = 2147483647;
			files = (
				16DCE5062881D0BE00D9E9F5 /* Date+.swift in Sources */,
				16DCE4FA2881CC5C00D9E9F5 /* Rocket.swift in Sources */,
				16DCE5092881E76900D9E9F5 /* Icons.swift in Sources */,
				16DCE5012881CCC500D9E9F5 /* RocketsListViewModel.swift in Sources */,
				16DCE50B2881E8D800D9E9F5 /* RocketCell.swift in Sources */,
				16DCE4FE2881CCA100D9E9F5 /* RocketsListView.swift in Sources */,
				16DCE5142881EAFE00D9E9F5 /* LocalizedStringKey+keys.swift in Sources */,
				16DCE5032881CE3500D9E9F5 /* Rocket+instances.swift in Sources */,
				16F34021288315A5001E5168 /* RocketDetailView.swift in Sources */,
				16F34023288315B0001E5168 /* RocketDetailViewModel.swift in Sources */,
				16DCE4BE2881C93D00D9E9F5 /* SpaceXApp.swift in Sources */,
				16F3401E288310CD001E5168 /* Loadable.swift in Sources */,
			);
			runOnlyForDeploymentPostprocessing = 0;
		};
		16DCE4C62881C93E00D9E9F5 /* Sources */ = {
			isa = PBXSourcesBuildPhase;
			buildActionMask = 2147483647;
			files = (
				16DCE4CF2881C93E00D9E9F5 /* SpaceXTests.swift in Sources */,
			);
			runOnlyForDeploymentPostprocessing = 0;
		};
		16DCE4D02881C93E00D9E9F5 /* Sources */ = {
			isa = PBXSourcesBuildPhase;
			buildActionMask = 2147483647;
			files = (
				16DCE4DB2881C93E00D9E9F5 /* SpaceXUITestsLaunchTests.swift in Sources */,
				16DCE4D92881C93E00D9E9F5 /* SpaceXUITests.swift in Sources */,
			);
			runOnlyForDeploymentPostprocessing = 0;
		};
/* End PBXSourcesBuildPhase section */

/* Begin PBXTargetDependency section */
		16DCE4CC2881C93E00D9E9F5 /* PBXTargetDependency */ = {
			isa = PBXTargetDependency;
			target = 16DCE4B92881C93D00D9E9F5 /* SpaceX */;
			targetProxy = 16DCE4CB2881C93E00D9E9F5 /* PBXContainerItemProxy */;
		};
		16DCE4D62881C93E00D9E9F5 /* PBXTargetDependency */ = {
			isa = PBXTargetDependency;
			target = 16DCE4B92881C93D00D9E9F5 /* SpaceX */;
			targetProxy = 16DCE4D52881C93E00D9E9F5 /* PBXContainerItemProxy */;
		};
/* End PBXTargetDependency section */

/* Begin PBXVariantGroup section */
		16DCE5122881EA9400D9E9F5 /* Localizable.strings */ = {
			isa = PBXVariantGroup;
			children = (
				16DCE5112881EA9400D9E9F5 /* en */,
				16DCE5152881EBFC00D9E9F5 /* cs */,
			);
			name = Localizable.strings;
			sourceTree = "<group>";
		};
/* End PBXVariantGroup section */

/* Begin XCBuildConfiguration section */
		16DCE4DC2881C93E00D9E9F5 /* Debug */ = {
			isa = XCBuildConfiguration;
			buildSettings = {
				ALWAYS_SEARCH_USER_PATHS = NO;
				CLANG_ANALYZER_LOCALIZABILITY_NONLOCALIZED = YES;
				CLANG_ANALYZER_NONNULL = YES;
				CLANG_ANALYZER_NUMBER_OBJECT_CONVERSION = YES_AGGRESSIVE;
				CLANG_CXX_LANGUAGE_STANDARD = "gnu++17";
				CLANG_ENABLE_MODULES = YES;
				CLANG_ENABLE_OBJC_ARC = YES;
				CLANG_ENABLE_OBJC_WEAK = YES;
				CLANG_WARN_BLOCK_CAPTURE_AUTORELEASING = YES;
				CLANG_WARN_BOOL_CONVERSION = YES;
				CLANG_WARN_COMMA = YES;
				CLANG_WARN_CONSTANT_CONVERSION = YES;
				CLANG_WARN_DEPRECATED_OBJC_IMPLEMENTATIONS = YES;
				CLANG_WARN_DIRECT_OBJC_ISA_USAGE = YES_ERROR;
				CLANG_WARN_DOCUMENTATION_COMMENTS = YES;
				CLANG_WARN_EMPTY_BODY = YES;
				CLANG_WARN_ENUM_CONVERSION = YES;
				CLANG_WARN_INFINITE_RECURSION = YES;
				CLANG_WARN_INT_CONVERSION = YES;
				CLANG_WARN_NON_LITERAL_NULL_CONVERSION = YES;
				CLANG_WARN_OBJC_IMPLICIT_RETAIN_SELF = YES;
				CLANG_WARN_OBJC_LITERAL_CONVERSION = YES;
				CLANG_WARN_OBJC_ROOT_CLASS = YES_ERROR;
				CLANG_WARN_QUOTED_INCLUDE_IN_FRAMEWORK_HEADER = YES;
				CLANG_WARN_RANGE_LOOP_ANALYSIS = YES;
				CLANG_WARN_STRICT_PROTOTYPES = YES;
				CLANG_WARN_SUSPICIOUS_MOVE = YES;
				CLANG_WARN_UNGUARDED_AVAILABILITY = YES_AGGRESSIVE;
				CLANG_WARN_UNREACHABLE_CODE = YES;
				CLANG_WARN__DUPLICATE_METHOD_MATCH = YES;
				COPY_PHASE_STRIP = NO;
				DEBUG_INFORMATION_FORMAT = dwarf;
				ENABLE_STRICT_OBJC_MSGSEND = YES;
				ENABLE_TESTABILITY = YES;
				GCC_C_LANGUAGE_STANDARD = gnu11;
				GCC_DYNAMIC_NO_PIC = NO;
				GCC_NO_COMMON_BLOCKS = YES;
				GCC_OPTIMIZATION_LEVEL = 0;
				GCC_PREPROCESSOR_DEFINITIONS = (
					"DEBUG=1",
					"$(inherited)",
				);
				GCC_WARN_64_TO_32_BIT_CONVERSION = YES;
				GCC_WARN_ABOUT_RETURN_TYPE = YES_ERROR;
				GCC_WARN_UNDECLARED_SELECTOR = YES;
				GCC_WARN_UNINITIALIZED_AUTOS = YES_AGGRESSIVE;
				GCC_WARN_UNUSED_FUNCTION = YES;
				GCC_WARN_UNUSED_VARIABLE = YES;
				IPHONEOS_DEPLOYMENT_TARGET = 15.5;
				MTL_ENABLE_DEBUG_INFO = INCLUDE_SOURCE;
				MTL_FAST_MATH = YES;
				ONLY_ACTIVE_ARCH = YES;
				SDKROOT = iphoneos;
				SWIFT_ACTIVE_COMPILATION_CONDITIONS = DEBUG;
				SWIFT_OPTIMIZATION_LEVEL = "-Onone";
			};
			name = Debug;
		};
		16DCE4DD2881C93E00D9E9F5 /* Release */ = {
			isa = XCBuildConfiguration;
			buildSettings = {
				ALWAYS_SEARCH_USER_PATHS = NO;
				CLANG_ANALYZER_LOCALIZABILITY_NONLOCALIZED = YES;
				CLANG_ANALYZER_NONNULL = YES;
				CLANG_ANALYZER_NUMBER_OBJECT_CONVERSION = YES_AGGRESSIVE;
				CLANG_CXX_LANGUAGE_STANDARD = "gnu++17";
				CLANG_ENABLE_MODULES = YES;
				CLANG_ENABLE_OBJC_ARC = YES;
				CLANG_ENABLE_OBJC_WEAK = YES;
				CLANG_WARN_BLOCK_CAPTURE_AUTORELEASING = YES;
				CLANG_WARN_BOOL_CONVERSION = YES;
				CLANG_WARN_COMMA = YES;
				CLANG_WARN_CONSTANT_CONVERSION = YES;
				CLANG_WARN_DEPRECATED_OBJC_IMPLEMENTATIONS = YES;
				CLANG_WARN_DIRECT_OBJC_ISA_USAGE = YES_ERROR;
				CLANG_WARN_DOCUMENTATION_COMMENTS = YES;
				CLANG_WARN_EMPTY_BODY = YES;
				CLANG_WARN_ENUM_CONVERSION = YES;
				CLANG_WARN_INFINITE_RECURSION = YES;
				CLANG_WARN_INT_CONVERSION = YES;
				CLANG_WARN_NON_LITERAL_NULL_CONVERSION = YES;
				CLANG_WARN_OBJC_IMPLICIT_RETAIN_SELF = YES;
				CLANG_WARN_OBJC_LITERAL_CONVERSION = YES;
				CLANG_WARN_OBJC_ROOT_CLASS = YES_ERROR;
				CLANG_WARN_QUOTED_INCLUDE_IN_FRAMEWORK_HEADER = YES;
				CLANG_WARN_RANGE_LOOP_ANALYSIS = YES;
				CLANG_WARN_STRICT_PROTOTYPES = YES;
				CLANG_WARN_SUSPICIOUS_MOVE = YES;
				CLANG_WARN_UNGUARDED_AVAILABILITY = YES_AGGRESSIVE;
				CLANG_WARN_UNREACHABLE_CODE = YES;
				CLANG_WARN__DUPLICATE_METHOD_MATCH = YES;
				COPY_PHASE_STRIP = NO;
				DEBUG_INFORMATION_FORMAT = "dwarf-with-dsym";
				ENABLE_NS_ASSERTIONS = NO;
				ENABLE_STRICT_OBJC_MSGSEND = YES;
				GCC_C_LANGUAGE_STANDARD = gnu11;
				GCC_NO_COMMON_BLOCKS = YES;
				GCC_WARN_64_TO_32_BIT_CONVERSION = YES;
				GCC_WARN_ABOUT_RETURN_TYPE = YES_ERROR;
				GCC_WARN_UNDECLARED_SELECTOR = YES;
				GCC_WARN_UNINITIALIZED_AUTOS = YES_AGGRESSIVE;
				GCC_WARN_UNUSED_FUNCTION = YES;
				GCC_WARN_UNUSED_VARIABLE = YES;
				IPHONEOS_DEPLOYMENT_TARGET = 15.5;
				MTL_ENABLE_DEBUG_INFO = NO;
				MTL_FAST_MATH = YES;
				SDKROOT = iphoneos;
				SWIFT_COMPILATION_MODE = wholemodule;
				SWIFT_OPTIMIZATION_LEVEL = "-O";
				VALIDATE_PRODUCT = YES;
			};
			name = Release;
		};
		16DCE4DF2881C93E00D9E9F5 /* Debug */ = {
			isa = XCBuildConfiguration;
			buildSettings = {
				ASSETCATALOG_COMPILER_APPICON_NAME = AppIcon;
				ASSETCATALOG_COMPILER_GLOBAL_ACCENT_COLOR_NAME = AccentColor;
				CODE_SIGN_STYLE = Automatic;
				CURRENT_PROJECT_VERSION = 1;
				DEVELOPMENT_ASSET_PATHS = "\"SpaceX/SupportingFiles/Preview Content\"";
				DEVELOPMENT_TEAM = B62NGVJ6R8;
				ENABLE_PREVIEWS = YES;
				GENERATE_INFOPLIST_FILE = YES;
				INFOPLIST_KEY_UIApplicationSceneManifest_Generation = YES;
				INFOPLIST_KEY_UIApplicationSupportsIndirectInputEvents = YES;
				INFOPLIST_KEY_UILaunchScreen_Generation = YES;
				INFOPLIST_KEY_UISupportedInterfaceOrientations_iPad = "UIInterfaceOrientationPortrait UIInterfaceOrientationPortraitUpsideDown UIInterfaceOrientationLandscapeLeft UIInterfaceOrientationLandscapeRight";
				INFOPLIST_KEY_UISupportedInterfaceOrientations_iPhone = "UIInterfaceOrientationPortrait UIInterfaceOrientationLandscapeLeft UIInterfaceOrientationLandscapeRight";
				LD_RUNPATH_SEARCH_PATHS = (
					"$(inherited)",
					"@executable_path/Frameworks",
				);
				MARKETING_VERSION = 1.0;
				PRODUCT_BUNDLE_IDENTIFIER = cz.SpaceX;
				PRODUCT_NAME = "$(TARGET_NAME)";
				SWIFT_EMIT_LOC_STRINGS = YES;
				SWIFT_VERSION = 5.0;
				TARGETED_DEVICE_FAMILY = "1,2";
			};
			name = Debug;
		};
		16DCE4E02881C93E00D9E9F5 /* Release */ = {
			isa = XCBuildConfiguration;
			buildSettings = {
				ASSETCATALOG_COMPILER_APPICON_NAME = AppIcon;
				ASSETCATALOG_COMPILER_GLOBAL_ACCENT_COLOR_NAME = AccentColor;
				CODE_SIGN_STYLE = Automatic;
				CURRENT_PROJECT_VERSION = 1;
				DEVELOPMENT_ASSET_PATHS = "\"SpaceX/SupportingFiles/Preview Content\"";
				DEVELOPMENT_TEAM = B62NGVJ6R8;
				ENABLE_PREVIEWS = YES;
				GENERATE_INFOPLIST_FILE = YES;
				INFOPLIST_KEY_UIApplicationSceneManifest_Generation = YES;
				INFOPLIST_KEY_UIApplicationSupportsIndirectInputEvents = YES;
				INFOPLIST_KEY_UILaunchScreen_Generation = YES;
				INFOPLIST_KEY_UISupportedInterfaceOrientations_iPad = "UIInterfaceOrientationPortrait UIInterfaceOrientationPortraitUpsideDown UIInterfaceOrientationLandscapeLeft UIInterfaceOrientationLandscapeRight";
				INFOPLIST_KEY_UISupportedInterfaceOrientations_iPhone = "UIInterfaceOrientationPortrait UIInterfaceOrientationLandscapeLeft UIInterfaceOrientationLandscapeRight";
				LD_RUNPATH_SEARCH_PATHS = (
					"$(inherited)",
					"@executable_path/Frameworks",
				);
				MARKETING_VERSION = 1.0;
				PRODUCT_BUNDLE_IDENTIFIER = cz.SpaceX;
				PRODUCT_NAME = "$(TARGET_NAME)";
				SWIFT_EMIT_LOC_STRINGS = YES;
				SWIFT_VERSION = 5.0;
				TARGETED_DEVICE_FAMILY = "1,2";
			};
			name = Release;
		};
		16DCE4E22881C93E00D9E9F5 /* Debug */ = {
			isa = XCBuildConfiguration;
			buildSettings = {
				ALWAYS_EMBED_SWIFT_STANDARD_LIBRARIES = YES;
				BUNDLE_LOADER = "$(TEST_HOST)";
				CODE_SIGN_STYLE = Automatic;
				CURRENT_PROJECT_VERSION = 1;
				DEVELOPMENT_TEAM = B62NGVJ6R8;
				GENERATE_INFOPLIST_FILE = YES;
				IPHONEOS_DEPLOYMENT_TARGET = 15.5;
				MARKETING_VERSION = 1.0;
				PRODUCT_BUNDLE_IDENTIFIER = cz.SpaceXTests;
				PRODUCT_NAME = "$(TARGET_NAME)";
				SWIFT_EMIT_LOC_STRINGS = NO;
				SWIFT_VERSION = 5.0;
				TARGETED_DEVICE_FAMILY = "1,2";
				TEST_HOST = "$(BUILT_PRODUCTS_DIR)/SpaceX.app/SpaceX";
			};
			name = Debug;
		};
		16DCE4E32881C93E00D9E9F5 /* Release */ = {
			isa = XCBuildConfiguration;
			buildSettings = {
				ALWAYS_EMBED_SWIFT_STANDARD_LIBRARIES = YES;
				BUNDLE_LOADER = "$(TEST_HOST)";
				CODE_SIGN_STYLE = Automatic;
				CURRENT_PROJECT_VERSION = 1;
				DEVELOPMENT_TEAM = B62NGVJ6R8;
				GENERATE_INFOPLIST_FILE = YES;
				IPHONEOS_DEPLOYMENT_TARGET = 15.5;
				MARKETING_VERSION = 1.0;
				PRODUCT_BUNDLE_IDENTIFIER = cz.SpaceXTests;
				PRODUCT_NAME = "$(TARGET_NAME)";
				SWIFT_EMIT_LOC_STRINGS = NO;
				SWIFT_VERSION = 5.0;
				TARGETED_DEVICE_FAMILY = "1,2";
				TEST_HOST = "$(BUILT_PRODUCTS_DIR)/SpaceX.app/SpaceX";
			};
			name = Release;
		};
		16DCE4E52881C93E00D9E9F5 /* Debug */ = {
			isa = XCBuildConfiguration;
			buildSettings = {
				ALWAYS_EMBED_SWIFT_STANDARD_LIBRARIES = YES;
				CODE_SIGN_STYLE = Automatic;
				CURRENT_PROJECT_VERSION = 1;
				DEVELOPMENT_TEAM = B62NGVJ6R8;
				GENERATE_INFOPLIST_FILE = YES;
				MARKETING_VERSION = 1.0;
				PRODUCT_BUNDLE_IDENTIFIER = cz.SpaceXUITests;
				PRODUCT_NAME = "$(TARGET_NAME)";
				SWIFT_EMIT_LOC_STRINGS = NO;
				SWIFT_VERSION = 5.0;
				TARGETED_DEVICE_FAMILY = "1,2";
				TEST_TARGET_NAME = SpaceX;
			};
			name = Debug;
		};
		16DCE4E62881C93E00D9E9F5 /* Release */ = {
			isa = XCBuildConfiguration;
			buildSettings = {
				ALWAYS_EMBED_SWIFT_STANDARD_LIBRARIES = YES;
				CODE_SIGN_STYLE = Automatic;
				CURRENT_PROJECT_VERSION = 1;
				DEVELOPMENT_TEAM = B62NGVJ6R8;
				GENERATE_INFOPLIST_FILE = YES;
				MARKETING_VERSION = 1.0;
				PRODUCT_BUNDLE_IDENTIFIER = cz.SpaceXUITests;
				PRODUCT_NAME = "$(TARGET_NAME)";
				SWIFT_EMIT_LOC_STRINGS = NO;
				SWIFT_VERSION = 5.0;
				TARGETED_DEVICE_FAMILY = "1,2";
				TEST_TARGET_NAME = SpaceX;
			};
			name = Release;
		};
/* End XCBuildConfiguration section */

/* Begin XCConfigurationList section */
		16DCE4B52881C93D00D9E9F5 /* Build configuration list for PBXProject "SpaceX" */ = {
			isa = XCConfigurationList;
			buildConfigurations = (
				16DCE4DC2881C93E00D9E9F5 /* Debug */,
				16DCE4DD2881C93E00D9E9F5 /* Release */,
			);
			defaultConfigurationIsVisible = 0;
			defaultConfigurationName = Release;
		};
		16DCE4DE2881C93E00D9E9F5 /* Build configuration list for PBXNativeTarget "SpaceX" */ = {
			isa = XCConfigurationList;
			buildConfigurations = (
				16DCE4DF2881C93E00D9E9F5 /* Debug */,
				16DCE4E02881C93E00D9E9F5 /* Release */,
			);
			defaultConfigurationIsVisible = 0;
			defaultConfigurationName = Release;
		};
		16DCE4E12881C93E00D9E9F5 /* Build configuration list for PBXNativeTarget "SpaceXTests" */ = {
			isa = XCConfigurationList;
			buildConfigurations = (
				16DCE4E22881C93E00D9E9F5 /* Debug */,
				16DCE4E32881C93E00D9E9F5 /* Release */,
			);
			defaultConfigurationIsVisible = 0;
			defaultConfigurationName = Release;
		};
		16DCE4E42881C93E00D9E9F5 /* Build configuration list for PBXNativeTarget "SpaceXUITests" */ = {
			isa = XCConfigurationList;
			buildConfigurations = (
				16DCE4E52881C93E00D9E9F5 /* Debug */,
				16DCE4E62881C93E00D9E9F5 /* Release */,
			);
			defaultConfigurationIsVisible = 0;
			defaultConfigurationName = Release;
		};
/* End XCConfigurationList section */
	};
	rootObject = 16DCE4B22881C93D00D9E9F5 /* Project object */;
}
